
Microsoft Visual Studio Solution File, Format Version 12.00
# Visual Studio 15
VisualStudioVersion = 15.0.28307.102
MinimumVisualStudioVersion = 10.0.40219.1
Project("{FAE04EC0-301F-11D3-BF4B-00C04F79EFBC}") = "SearchFileConsoleApp", "SearchFileConsoleApp\SearchFileConsoleApp.csproj", "{66E2480D-635E-4889-975B-4A54892B8BA3}"
EndProject
Project("{FAE04EC0-301F-11D3-BF4B-00C04F79EFBC}") = "SearchFileUI", "SearchFileUI\SearchFileUI.csproj", "{3776CD27-1D4E-411C-8D2C-E2E30189773E}"
EndProject
Global
	GlobalSection(SolutionConfigurationPlatforms) = preSolution
		Debug|Any CPU = Debug|Any CPU
		Release|Any CPU = Release|Any CPU
	EndGlobalSection
	GlobalSection(ProjectConfigurationPlatforms) = postSolution
		{66E2480D-635E-4889-975B-4A54892B8BA3}.Debug|Any CPU.ActiveCfg = Debug|Any CPU
		{66E2480D-635E-4889-975B-4A54892B8BA3}.Debug|Any CPU.Build.0 = Debug|Any CPU
		{66E2480D-635E-4889-975B-4A54892B8BA3}.Release|Any CPU.ActiveCfg = Release|Any CPU
		{66E2480D-635E-4889-975B-4A54892B8BA3}.Release|Any CPU.Build.0 = Release|Any CPU
		{3776CD27-1D4E-411C-8D2C-E2E30189773E}.Debug|Any CPU.ActiveCfg = Debug|Any CPU
		{3776CD27-1D4E-411C-8D2C-E2E30189773E}.Debug|Any CPU.Build.0 = Debug|Any CPU
		{3776CD27-1D4E-411C-8D2C-E2E30189773E}.Release|Any CPU.ActiveCfg = Release|Any CPU
		{3776CD27-1D4E-411C-8D2C-E2E30189773E}.Release|Any CPU.Build.0 = Release|Any CPU
	EndGlobalSection
	GlobalSection(SolutionProperties) = preSolution
		HideSolutionNode = FALSE
	EndGlobalSection
	GlobalSection(ExtensibilityGlobals) = postSolution
		SolutionGuid = {959BAC81-DEC2-454F-B47E-6C65837B4D3E}
	EndGlobalSection
EndGlobal
